// !$*UTF8*$!
{
	archiveVersion = 1;
	classes = {
	};
	objectVersion = 56;
	objects = {

/* Begin PBXBuildFile section */
		9951AFDD2B64EE2000C6CCAE /* TopTenApp.swift in Sources */ = {isa = PBXBuildFile; fileRef = 9951AFDC2B64EE2000C6CCAE /* TopTenApp.swift */; };
		9951AFE12B64EE2100C6CCAE /* Assets.xcassets in Resources */ = {isa = PBXBuildFile; fileRef = 9951AFE02B64EE2100C6CCAE /* Assets.xcassets */; };
		9951AFE42B64EE2100C6CCAE /* Preview Assets.xcassets in Resources */ = {isa = PBXBuildFile; fileRef = 9951AFE32B64EE2100C6CCAE /* Preview Assets.xcassets */; };
		9951AFEE2B64EE2200C6CCAE /* TopTenTests.swift in Sources */ = {isa = PBXBuildFile; fileRef = 9951AFED2B64EE2200C6CCAE /* TopTenTests.swift */; };
		9951AFF82B64EE2200C6CCAE /* TopTenUITests.swift in Sources */ = {isa = PBXBuildFile; fileRef = 9951AFF72B64EE2200C6CCAE /* TopTenUITests.swift */; };
		9951AFFA2B64EE2200C6CCAE /* TopTenUITestsLaunchTests.swift in Sources */ = {isa = PBXBuildFile; fileRef = 9951AFF92B64EE2200C6CCAE /* TopTenUITestsLaunchTests.swift */; };
		9956C9162B8E418C00C08ABF /* FeedbackViewModel.swift in Sources */ = {isa = PBXBuildFile; fileRef = 9956C9152B8E418C00C08ABF /* FeedbackViewModel.swift */; };
		9956C9182B8FA5E400C08ABF /* DatabaseService.swift in Sources */ = {isa = PBXBuildFile; fileRef = 9956C9172B8FA5E400C08ABF /* DatabaseService.swift */; };
		9956C91B2B8FA68000C08ABF /* FMDB in Frameworks */ = {isa = PBXBuildFile; productRef = 9956C91A2B8FA68000C08ABF /* FMDB */; };
		9974233C2B78D3ED00B09C18 /* HomeView.swift in Sources */ = {isa = PBXBuildFile; fileRef = 9974233B2B78D3ED00B09C18 /* HomeView.swift */; };
		9974239D2B7A0CF900B09C18 /* Selima .otf in Resources */ = {isa = PBXBuildFile; fileRef = 9974239C2B7A0CF900B09C18 /* Selima .otf */; };
		997423A12B7A1A2400B09C18 /* SelectThemeView.swift in Sources */ = {isa = PBXBuildFile; fileRef = 997423A02B7A1A2300B09C18 /* SelectThemeView.swift */; };
		997423A32B7A75E400B09C18 /* PopupView.swift in Sources */ = {isa = PBXBuildFile; fileRef = 997423A22B7A75E400B09C18 /* PopupView.swift */; };
		997423A52B7A76B600B09C18 /* HelpTopic.swift in Sources */ = {isa = PBXBuildFile; fileRef = 997423A42B7A76B600B09C18 /* HelpTopic.swift */; };
		997423A82B7A7C6300B09C18 /* AsignNumberAnswerView.swift in Sources */ = {isa = PBXBuildFile; fileRef = 997423A72B7A7C6300B09C18 /* AsignNumberAnswerView.swift */; };
		997423AA2B7BA4FB00B09C18 /* GameView.swift in Sources */ = {isa = PBXBuildFile; fileRef = 997423A92B7BA4FB00B09C18 /* GameView.swift */; };
		997423AC2B7BAC7C00B09C18 /* NumberPopupView.swift in Sources */ = {isa = PBXBuildFile; fileRef = 997423AB2B7BAC7C00B09C18 /* NumberPopupView.swift */; };
		999E9B442B811B4B00072912 /* SelectThemeViewModel.swift in Sources */ = {isa = PBXBuildFile; fileRef = 999E9B432B811B4B00072912 /* SelectThemeViewModel.swift */; };
		999E9B462B81207300072912 /* ThemeData.swift in Sources */ = {isa = PBXBuildFile; fileRef = 999E9B452B81207300072912 /* ThemeData.swift */; };
		999E9B482B81DA5F00072912 /* InitTheme.json in Resources */ = {isa = PBXBuildFile; fileRef = 999E9B472B81DA5F00072912 /* InitTheme.json */; };
		999E9B4A2B81FD5900072912 /* AsignNumberAnswerViewModel.swift in Sources */ = {isa = PBXBuildFile; fileRef = 999E9B492B81FD5900072912 /* AsignNumberAnswerViewModel.swift */; };
		999E9B4C2B8243C700072912 /* ViewExtension.swift in Sources */ = {isa = PBXBuildFile; fileRef = 999E9B4B2B8243C700072912 /* ViewExtension.swift */; };
		999E9B4E2B825BDC00072912 /* GameViewModel.swift in Sources */ = {isa = PBXBuildFile; fileRef = 999E9B4D2B825BDC00072912 /* GameViewModel.swift */; };
		99E27D402B7E62A900B739AA /* FeedbackView.swift in Sources */ = {isa = PBXBuildFile; fileRef = 99E27D3F2B7E62A800B739AA /* FeedbackView.swift */; };
/* End PBXBuildFile section */

/* Begin PBXContainerItemProxy section */
		9951AFEA2B64EE2200C6CCAE /* PBXContainerItemProxy */ = {
			isa = PBXContainerItemProxy;
			containerPortal = 9951AFD12B64EE2000C6CCAE /* Project object */;
			proxyType = 1;
			remoteGlobalIDString = 9951AFD82B64EE2000C6CCAE;
			remoteInfo = TopTen;
		};
		9951AFF42B64EE2200C6CCAE /* PBXContainerItemProxy */ = {
			isa = PBXContainerItemProxy;
			containerPortal = 9951AFD12B64EE2000C6CCAE /* Project object */;
			proxyType = 1;
			remoteGlobalIDString = 9951AFD82B64EE2000C6CCAE;
			remoteInfo = TopTen;
		};
/* End PBXContainerItemProxy section */

/* Begin PBXFileReference section */
		9951AFD92B64EE2000C6CCAE /* TopTen.app */ = {isa = PBXFileReference; explicitFileType = wrapper.application; includeInIndex = 0; path = TopTen.app; sourceTree = BUILT_PRODUCTS_DIR; };
		9951AFDC2B64EE2000C6CCAE /* TopTenApp.swift */ = {isa = PBXFileReference; lastKnownFileType = sourcecode.swift; path = TopTenApp.swift; sourceTree = "<group>"; };
		9951AFE02B64EE2100C6CCAE /* Assets.xcassets */ = {isa = PBXFileReference; lastKnownFileType = folder.assetcatalog; path = Assets.xcassets; sourceTree = "<group>"; };
		9951AFE32B64EE2100C6CCAE /* Preview Assets.xcassets */ = {isa = PBXFileReference; lastKnownFileType = folder.assetcatalog; path = "Preview Assets.xcassets"; sourceTree = "<group>"; };
		9951AFE92B64EE2200C6CCAE /* TopTenTests.xctest */ = {isa = PBXFileReference; explicitFileType = wrapper.cfbundle; includeInIndex = 0; path = TopTenTests.xctest; sourceTree = BUILT_PRODUCTS_DIR; };
		9951AFED2B64EE2200C6CCAE /* TopTenTests.swift */ = {isa = PBXFileReference; lastKnownFileType = sourcecode.swift; path = TopTenTests.swift; sourceTree = "<group>"; };
		9951AFF32B64EE2200C6CCAE /* TopTenUITests.xctest */ = {isa = PBXFileReference; explicitFileType = wrapper.cfbundle; includeInIndex = 0; path = TopTenUITests.xctest; sourceTree = BUILT_PRODUCTS_DIR; };
		9951AFF72B64EE2200C6CCAE /* TopTenUITests.swift */ = {isa = PBXFileReference; lastKnownFileType = sourcecode.swift; path = TopTenUITests.swift; sourceTree = "<group>"; };
		9951AFF92B64EE2200C6CCAE /* TopTenUITestsLaunchTests.swift */ = {isa = PBXFileReference; lastKnownFileType = sourcecode.swift; path = TopTenUITestsLaunchTests.swift; sourceTree = "<group>"; };
		9956C9152B8E418C00C08ABF /* FeedbackViewModel.swift */ = {isa = PBXFileReference; lastKnownFileType = sourcecode.swift; path = FeedbackViewModel.swift; sourceTree = "<group>"; };
		9956C9172B8FA5E400C08ABF /* DatabaseService.swift */ = {isa = PBXFileReference; lastKnownFileType = sourcecode.swift; path = DatabaseService.swift; sourceTree = "<group>"; };
		9974233B2B78D3ED00B09C18 /* HomeView.swift */ = {isa = PBXFileReference; lastKnownFileType = sourcecode.swift; path = HomeView.swift; sourceTree = "<group>"; };
		9974239C2B7A0CF900B09C18 /* Selima .otf */ = {isa = PBXFileReference; lastKnownFileType = file; path = "Selima .otf"; sourceTree = "<group>"; };
		9974239F2B7A106100B09C18 /* Info.plist */ = {isa = PBXFileReference; lastKnownFileType = text.plist; path = Info.plist; sourceTree = "<group>"; };
		997423A02B7A1A2300B09C18 /* SelectThemeView.swift */ = {isa = PBXFileReference; lastKnownFileType = sourcecode.swift; path = SelectThemeView.swift; sourceTree = "<group>"; };
		997423A22B7A75E400B09C18 /* PopupView.swift */ = {isa = PBXFileReference; lastKnownFileType = sourcecode.swift; path = PopupView.swift; sourceTree = "<group>"; };
		997423A42B7A76B600B09C18 /* HelpTopic.swift */ = {isa = PBXFileReference; lastKnownFileType = sourcecode.swift; path = HelpTopic.swift; sourceTree = "<group>"; };
		997423A72B7A7C6300B09C18 /* AsignNumberAnswerView.swift */ = {isa = PBXFileReference; lastKnownFileType = sourcecode.swift; path = AsignNumberAnswerView.swift; sourceTree = "<group>"; };
		997423A92B7BA4FB00B09C18 /* GameView.swift */ = {isa = PBXFileReference; lastKnownFileType = sourcecode.swift; path = GameView.swift; sourceTree = "<group>"; };
		997423AB2B7BAC7C00B09C18 /* NumberPopupView.swift */ = {isa = PBXFileReference; lastKnownFileType = sourcecode.swift; path = NumberPopupView.swift; sourceTree = "<group>"; };
		999E9B432B811B4B00072912 /* SelectThemeViewModel.swift */ = {isa = PBXFileReference; lastKnownFileType = sourcecode.swift; path = SelectThemeViewModel.swift; sourceTree = "<group>"; };
		999E9B452B81207300072912 /* ThemeData.swift */ = {isa = PBXFileReference; lastKnownFileType = sourcecode.swift; path = ThemeData.swift; sourceTree = "<group>"; };
		999E9B472B81DA5F00072912 /* InitTheme.json */ = {isa = PBXFileReference; lastKnownFileType = text.json; path = InitTheme.json; sourceTree = "<group>"; };
		999E9B492B81FD5900072912 /* AsignNumberAnswerViewModel.swift */ = {isa = PBXFileReference; lastKnownFileType = sourcecode.swift; path = AsignNumberAnswerViewModel.swift; sourceTree = "<group>"; };
		999E9B4B2B8243C700072912 /* ViewExtension.swift */ = {isa = PBXFileReference; lastKnownFileType = sourcecode.swift; path = ViewExtension.swift; sourceTree = "<group>"; };
		999E9B4D2B825BDC00072912 /* GameViewModel.swift */ = {isa = PBXFileReference; lastKnownFileType = sourcecode.swift; path = GameViewModel.swift; sourceTree = "<group>"; };
		99E27D3F2B7E62A800B739AA /* FeedbackView.swift */ = {isa = PBXFileReference; lastKnownFileType = sourcecode.swift; path = FeedbackView.swift; sourceTree = "<group>"; };
/* End PBXFileReference section */

/* Begin PBXFrameworksBuildPhase section */
		9951AFD62B64EE2000C6CCAE /* Frameworks */ = {
			isa = PBXFrameworksBuildPhase;
			buildActionMask = 2147483647;
			files = (
				9956C91B2B8FA68000C08ABF /* FMDB in Frameworks */,
			);
			runOnlyForDeploymentPostprocessing = 0;
		};
		9951AFE62B64EE2200C6CCAE /* Frameworks */ = {
			isa = PBXFrameworksBuildPhase;
			buildActionMask = 2147483647;
			files = (
			);
			runOnlyForDeploymentPostprocessing = 0;
		};
		9951AFF02B64EE2200C6CCAE /* Frameworks */ = {
			isa = PBXFrameworksBuildPhase;
			buildActionMask = 2147483647;
			files = (
			);
			runOnlyForDeploymentPostprocessing = 0;
		};
/* End PBXFrameworksBuildPhase section */

/* Begin PBXGroup section */
		9951AFD02B64EE2000C6CCAE = {
			isa = PBXGroup;
			children = (
				9951AFDB2B64EE2000C6CCAE /* TopTen */,
				9951AFEC2B64EE2200C6CCAE /* TopTenTests */,
				9951AFF62B64EE2200C6CCAE /* TopTenUITests */,
				9951AFDA2B64EE2000C6CCAE /* Products */,
			);
			sourceTree = "<group>";
		};
		9951AFDA2B64EE2000C6CCAE /* Products */ = {
			isa = PBXGroup;
			children = (
				9951AFD92B64EE2000C6CCAE /* TopTen.app */,
				9951AFE92B64EE2200C6CCAE /* TopTenTests.xctest */,
				9951AFF32B64EE2200C6CCAE /* TopTenUITests.xctest */,
			);
			name = Products;
			sourceTree = "<group>";
		};
		9951AFDB2B64EE2000C6CCAE /* TopTen */ = {
			isa = PBXGroup;
			children = (
				9951AFDC2B64EE2000C6CCAE /* TopTenApp.swift */,
				99E27D432B8054E100B739AA /* ViewModels */,
				99E27D422B8054D900B739AA /* Views */,
				99E27D412B80549D00B739AA /* Models */,
				99E27D442B80581700B739AA /* Services */,
				99E27D452B80583500B739AA /* Helpers */,
				9974239E2B7A0D0100B09C18 /* Resource */,
				9974239F2B7A106100B09C18 /* Info.plist */,
				9951AFE02B64EE2100C6CCAE /* Assets.xcassets */,
				9951AFE22B64EE2100C6CCAE /* Preview Content */,
			);
			path = TopTen;
			sourceTree = "<group>";
		};
		9951AFE22B64EE2100C6CCAE /* Preview Content */ = {
			isa = PBXGroup;
			children = (
				9951AFE32B64EE2100C6CCAE /* Preview Assets.xcassets */,
			);
			path = "Preview Content";
			sourceTree = "<group>";
		};
		9951AFEC2B64EE2200C6CCAE /* TopTenTests */ = {
			isa = PBXGroup;
			children = (
				9951AFED2B64EE2200C6CCAE /* TopTenTests.swift */,
			);
			path = TopTenTests;
			sourceTree = "<group>";
		};
		9951AFF62B64EE2200C6CCAE /* TopTenUITests */ = {
			isa = PBXGroup;
			children = (
				9951AFF72B64EE2200C6CCAE /* TopTenUITests.swift */,
				9951AFF92B64EE2200C6CCAE /* TopTenUITestsLaunchTests.swift */,
			);
			path = TopTenUITests;
			sourceTree = "<group>";
		};
		9974239E2B7A0D0100B09C18 /* Resource */ = {
			isa = PBXGroup;
			children = (
				9974239C2B7A0CF900B09C18 /* Selima .otf */,
				999E9B472B81DA5F00072912 /* InitTheme.json */,
			);
			path = Resource;
			sourceTree = "<group>";
		};
		997423A62B7A76CB00B09C18 /* Enum */ = {
			isa = PBXGroup;
			children = (
				997423A42B7A76B600B09C18 /* HelpTopic.swift */,
			);
			path = Enum;
			sourceTree = "<group>";
		};
		99E27D412B80549D00B739AA /* Models */ = {
			isa = PBXGroup;
			children = (
				999E9B452B81207300072912 /* ThemeData.swift */,
				997423A62B7A76CB00B09C18 /* Enum */,
			);
			path = Models;
			sourceTree = "<group>";
		};
		99E27D422B8054D900B739AA /* Views */ = {
			isa = PBXGroup;
			children = (
				9974233B2B78D3ED00B09C18 /* HomeView.swift */,
				997423A02B7A1A2300B09C18 /* SelectThemeView.swift */,
				997423A72B7A7C6300B09C18 /* AsignNumberAnswerView.swift */,
				997423A92B7BA4FB00B09C18 /* GameView.swift */,
				99E27D3F2B7E62A800B739AA /* FeedbackView.swift */,
				99E27D462B80595100B739AA /* Sub */,
			);
			path = Views;
			sourceTree = "<group>";
		};
		99E27D432B8054E100B739AA /* ViewModels */ = {
			isa = PBXGroup;
			children = (
				999E9B432B811B4B00072912 /* SelectThemeViewModel.swift */,
				999E9B492B81FD5900072912 /* AsignNumberAnswerViewModel.swift */,
				999E9B4D2B825BDC00072912 /* GameViewModel.swift */,
				9956C9152B8E418C00C08ABF /* FeedbackViewModel.swift */,
			);
			path = ViewModels;
			sourceTree = "<group>";
		};
		99E27D442B80581700B739AA /* Services */ = {
			isa = PBXGroup;
			children = (
				9956C9172B8FA5E400C08ABF /* DatabaseService.swift */,
			);
			path = Services;
			sourceTree = "<group>";
		};
		99E27D452B80583500B739AA /* Helpers */ = {
			isa = PBXGroup;
			children = (
				999E9B4B2B8243C700072912 /* ViewExtension.swift */,
			);
			path = Helpers;
			sourceTree = "<group>";
		};
		99E27D462B80595100B739AA /* Sub */ = {
			isa = PBXGroup;
			children = (
				997423A22B7A75E400B09C18 /* PopupView.swift */,
				997423AB2B7BAC7C00B09C18 /* NumberPopupView.swift */,
			);
			path = Sub;
			sourceTree = "<group>";
		};
/* End PBXGroup section */

/* Begin PBXNativeTarget section */
		9951AFD82B64EE2000C6CCAE /* TopTen */ = {
			isa = PBXNativeTarget;
			buildConfigurationList = 9951AFFD2B64EE2200C6CCAE /* Build configuration list for PBXNativeTarget "TopTen" */;
			buildPhases = (
				9951AFD52B64EE2000C6CCAE /* Sources */,
				9951AFD62B64EE2000C6CCAE /* Frameworks */,
				9951AFD72B64EE2000C6CCAE /* Resources */,
			);
			buildRules = (
			);
			dependencies = (
			);
			name = TopTen;
			packageProductDependencies = (
				9956C91A2B8FA68000C08ABF /* FMDB */,
			);
			productName = TopTen;
			productReference = 9951AFD92B64EE2000C6CCAE /* TopTen.app */;
			productType = "com.apple.product-type.application";
		};
		9951AFE82B64EE2200C6CCAE /* TopTenTests */ = {
			isa = PBXNativeTarget;
			buildConfigurationList = 9951B0002B64EE2200C6CCAE /* Build configuration list for PBXNativeTarget "TopTenTests" */;
			buildPhases = (
				9951AFE52B64EE2200C6CCAE /* Sources */,
				9951AFE62B64EE2200C6CCAE /* Frameworks */,
				9951AFE72B64EE2200C6CCAE /* Resources */,
			);
			buildRules = (
			);
			dependencies = (
				9951AFEB2B64EE2200C6CCAE /* PBXTargetDependency */,
			);
			name = TopTenTests;
			productName = TopTenTests;
			productReference = 9951AFE92B64EE2200C6CCAE /* TopTenTests.xctest */;
			productType = "com.apple.product-type.bundle.unit-test";
		};
		9951AFF22B64EE2200C6CCAE /* TopTenUITests */ = {
			isa = PBXNativeTarget;
			buildConfigurationList = 9951B0032B64EE2200C6CCAE /* Build configuration list for PBXNativeTarget "TopTenUITests" */;
			buildPhases = (
				9951AFEF2B64EE2200C6CCAE /* Sources */,
				9951AFF02B64EE2200C6CCAE /* Frameworks */,
				9951AFF12B64EE2200C6CCAE /* Resources */,
			);
			buildRules = (
			);
			dependencies = (
				9951AFF52B64EE2200C6CCAE /* PBXTargetDependency */,
			);
			name = TopTenUITests;
			productName = TopTenUITests;
			productReference = 9951AFF32B64EE2200C6CCAE /* TopTenUITests.xctest */;
			productType = "com.apple.product-type.bundle.ui-testing";
		};
/* End PBXNativeTarget section */

/* Begin PBXProject section */
		9951AFD12B64EE2000C6CCAE /* Project object */ = {
			isa = PBXProject;
			attributes = {
				BuildIndependentTargetsInParallel = 1;
				LastSwiftUpdateCheck = 1500;
				LastUpgradeCheck = 1500;
				TargetAttributes = {
					9951AFD82B64EE2000C6CCAE = {
						CreatedOnToolsVersion = 15.0;
					};
					9951AFE82B64EE2200C6CCAE = {
						CreatedOnToolsVersion = 15.0;
						TestTargetID = 9951AFD82B64EE2000C6CCAE;
					};
					9951AFF22B64EE2200C6CCAE = {
						CreatedOnToolsVersion = 15.0;
						TestTargetID = 9951AFD82B64EE2000C6CCAE;
					};
				};
			};
			buildConfigurationList = 9951AFD42B64EE2000C6CCAE /* Build configuration list for PBXProject "TopTen" */;
			compatibilityVersion = "Xcode 14.0";
			developmentRegion = en;
			hasScannedForEncodings = 0;
			knownRegions = (
				en,
				Base,
			);
			mainGroup = 9951AFD02B64EE2000C6CCAE;
			packageReferences = (
				9956C9192B8FA68000C08ABF /* XCRemoteSwiftPackageReference "fmdb" */,
			);
			productRefGroup = 9951AFDA2B64EE2000C6CCAE /* Products */;
			projectDirPath = "";
			projectRoot = "";
			targets = (
				9951AFD82B64EE2000C6CCAE /* TopTen */,
				9951AFE82B64EE2200C6CCAE /* TopTenTests */,
				9951AFF22B64EE2200C6CCAE /* TopTenUITests */,
			);
		};
/* End PBXProject section */

/* Begin PBXResourcesBuildPhase section */
		9951AFD72B64EE2000C6CCAE /* Resources */ = {
			isa = PBXResourcesBuildPhase;
			buildActionMask = 2147483647;
			files = (
				9974239D2B7A0CF900B09C18 /* Selima .otf in Resources */,
				999E9B482B81DA5F00072912 /* InitTheme.json in Resources */,
				9951AFE42B64EE2100C6CCAE /* Preview Assets.xcassets in Resources */,
				9951AFE12B64EE2100C6CCAE /* Assets.xcassets in Resources */,
			);
			runOnlyForDeploymentPostprocessing = 0;
		};
		9951AFE72B64EE2200C6CCAE /* Resources */ = {
			isa = PBXResourcesBuildPhase;
			buildActionMask = 2147483647;
			files = (
			);
			runOnlyForDeploymentPostprocessing = 0;
		};
		9951AFF12B64EE2200C6CCAE /* Resources */ = {
			isa = PBXResourcesBuildPhase;
			buildActionMask = 2147483647;
			files = (
			);
			runOnlyForDeploymentPostprocessing = 0;
		};
/* End PBXResourcesBuildPhase section */

/* Begin PBXSourcesBuildPhase section */
		9951AFD52B64EE2000C6CCAE /* Sources */ = {
			isa = PBXSourcesBuildPhase;
			buildActionMask = 2147483647;
			files = (
				999E9B4A2B81FD5900072912 /* AsignNumberAnswerViewModel.swift in Sources */,
				999E9B442B811B4B00072912 /* SelectThemeViewModel.swift in Sources */,
				997423AC2B7BAC7C00B09C18 /* NumberPopupView.swift in Sources */,
				9951AFDD2B64EE2000C6CCAE /* TopTenApp.swift in Sources */,
				999E9B462B81207300072912 /* ThemeData.swift in Sources */,
				99E27D402B7E62A900B739AA /* FeedbackView.swift in Sources */,
				9956C9182B8FA5E400C08ABF /* DatabaseService.swift in Sources */,
				999E9B4E2B825BDC00072912 /* GameViewModel.swift in Sources */,
				997423A32B7A75E400B09C18 /* PopupView.swift in Sources */,
				9956C9162B8E418C00C08ABF /* FeedbackViewModel.swift in Sources */,
				997423A82B7A7C6300B09C18 /* AsignNumberAnswerView.swift in Sources */,
				997423A12B7A1A2400B09C18 /* SelectThemeView.swift in Sources */,
				9974233C2B78D3ED00B09C18 /* HomeView.swift in Sources */,
				997423A52B7A76B600B09C18 /* HelpTopic.swift in Sources */,
				997423AA2B7BA4FB00B09C18 /* GameView.swift in Sources */,
				999E9B4C2B8243C700072912 /* ViewExtension.swift in Sources */,
			);
			runOnlyForDeploymentPostprocessing = 0;
		};
		9951AFE52B64EE2200C6CCAE /* Sources */ = {
			isa = PBXSourcesBuildPhase;
			buildActionMask = 2147483647;
			files = (
				9951AFEE2B64EE2200C6CCAE /* TopTenTests.swift in Sources */,
			);
			runOnlyForDeploymentPostprocessing = 0;
		};
		9951AFEF2B64EE2200C6CCAE /* Sources */ = {
			isa = PBXSourcesBuildPhase;
			buildActionMask = 2147483647;
			files = (
				9951AFFA2B64EE2200C6CCAE /* TopTenUITestsLaunchTests.swift in Sources */,
				9951AFF82B64EE2200C6CCAE /* TopTenUITests.swift in Sources */,
			);
			runOnlyForDeploymentPostprocessing = 0;
		};
/* End PBXSourcesBuildPhase section */

/* Begin PBXTargetDependency section */
		9951AFEB2B64EE2200C6CCAE /* PBXTargetDependency */ = {
			isa = PBXTargetDependency;
			target = 9951AFD82B64EE2000C6CCAE /* TopTen */;
			targetProxy = 9951AFEA2B64EE2200C6CCAE /* PBXContainerItemProxy */;
		};
		9951AFF52B64EE2200C6CCAE /* PBXTargetDependency */ = {
			isa = PBXTargetDependency;
			target = 9951AFD82B64EE2000C6CCAE /* TopTen */;
			targetProxy = 9951AFF42B64EE2200C6CCAE /* PBXContainerItemProxy */;
		};
/* End PBXTargetDependency section */

/* Begin XCBuildConfiguration section */
		9951AFFB2B64EE2200C6CCAE /* Debug */ = {
			isa = XCBuildConfiguration;
			buildSettings = {
				ALWAYS_SEARCH_USER_PATHS = NO;
				ASSETCATALOG_COMPILER_GENERATE_SWIFT_ASSET_SYMBOL_EXTENSIONS = YES;
				CLANG_ANALYZER_NONNULL = YES;
				CLANG_ANALYZER_NUMBER_OBJECT_CONVERSION = YES_AGGRESSIVE;
				CLANG_CXX_LANGUAGE_STANDARD = "gnu++20";
				CLANG_ENABLE_MODULES = YES;
				CLANG_ENABLE_OBJC_ARC = YES;
				CLANG_ENABLE_OBJC_WEAK = YES;
				CLANG_WARN_BLOCK_CAPTURE_AUTORELEASING = YES;
				CLANG_WARN_BOOL_CONVERSION = YES;
				CLANG_WARN_COMMA = YES;
				CLANG_WARN_CONSTANT_CONVERSION = YES;
				CLANG_WARN_DEPRECATED_OBJC_IMPLEMENTATIONS = YES;
				CLANG_WARN_DIRECT_OBJC_ISA_USAGE = YES_ERROR;
				CLANG_WARN_DOCUMENTATION_COMMENTS = YES;
				CLANG_WARN_EMPTY_BODY = YES;
				CLANG_WARN_ENUM_CONVERSION = YES;
				CLANG_WARN_INFINITE_RECURSION = YES;
				CLANG_WARN_INT_CONVERSION = YES;
				CLANG_WARN_NON_LITERAL_NULL_CONVERSION = YES;
				CLANG_WARN_OBJC_IMPLICIT_RETAIN_SELF = YES;
				CLANG_WARN_OBJC_LITERAL_CONVERSION = YES;
				CLANG_WARN_OBJC_ROOT_CLASS = YES_ERROR;
				CLANG_WARN_QUOTED_INCLUDE_IN_FRAMEWORK_HEADER = YES;
				CLANG_WARN_RANGE_LOOP_ANALYSIS = YES;
				CLANG_WARN_STRICT_PROTOTYPES = YES;
				CLANG_WARN_SUSPICIOUS_MOVE = YES;
				CLANG_WARN_UNGUARDED_AVAILABILITY = YES_AGGRESSIVE;
				CLANG_WARN_UNREACHABLE_CODE = YES;
				CLANG_WARN__DUPLICATE_METHOD_MATCH = YES;
				COPY_PHASE_STRIP = NO;
				DEBUG_INFORMATION_FORMAT = dwarf;
				ENABLE_STRICT_OBJC_MSGSEND = YES;
				ENABLE_TESTABILITY = YES;
				ENABLE_USER_SCRIPT_SANDBOXING = YES;
				GCC_C_LANGUAGE_STANDARD = gnu17;
				GCC_DYNAMIC_NO_PIC = NO;
				GCC_NO_COMMON_BLOCKS = YES;
				GCC_OPTIMIZATION_LEVEL = 0;
				GCC_PREPROCESSOR_DEFINITIONS = (
					"DEBUG=1",
					"$(inherited)",
				);
				GCC_WARN_64_TO_32_BIT_CONVERSION = YES;
				GCC_WARN_ABOUT_RETURN_TYPE = YES_ERROR;
				GCC_WARN_UNDECLARED_SELECTOR = YES;
				GCC_WARN_UNINITIALIZED_AUTOS = YES_AGGRESSIVE;
				GCC_WARN_UNUSED_FUNCTION = YES;
				GCC_WARN_UNUSED_VARIABLE = YES;
				IPHONEOS_DEPLOYMENT_TARGET = 17.0;
				LOCALIZATION_PREFERS_STRING_CATALOGS = YES;
				MTL_ENABLE_DEBUG_INFO = INCLUDE_SOURCE;
				MTL_FAST_MATH = YES;
				ONLY_ACTIVE_ARCH = YES;
				SDKROOT = iphoneos;
				SWIFT_ACTIVE_COMPILATION_CONDITIONS = "DEBUG $(inherited)";
				SWIFT_OPTIMIZATION_LEVEL = "-Onone";
			};
			name = Debug;
		};
		9951AFFC2B64EE2200C6CCAE /* Release */ = {
			isa = XCBuildConfiguration;
			buildSettings = {
				ALWAYS_SEARCH_USER_PATHS = NO;
				ASSETCATALOG_COMPILER_GENERATE_SWIFT_ASSET_SYMBOL_EXTENSIONS = YES;
				CLANG_ANALYZER_NONNULL = YES;
				CLANG_ANALYZER_NUMBER_OBJECT_CONVERSION = YES_AGGRESSIVE;
				CLANG_CXX_LANGUAGE_STANDARD = "gnu++20";
				CLANG_ENABLE_MODULES = YES;
				CLANG_ENABLE_OBJC_ARC = YES;
				CLANG_ENABLE_OBJC_WEAK = YES;
				CLANG_WARN_BLOCK_CAPTURE_AUTORELEASING = YES;
				CLANG_WARN_BOOL_CONVERSION = YES;
				CLANG_WARN_COMMA = YES;
				CLANG_WARN_CONSTANT_CONVERSION = YES;
				CLANG_WARN_DEPRECATED_OBJC_IMPLEMENTATIONS = YES;
				CLANG_WARN_DIRECT_OBJC_ISA_USAGE = YES_ERROR;
				CLANG_WARN_DOCUMENTATION_COMMENTS = YES;
				CLANG_WARN_EMPTY_BODY = YES;
				CLANG_WARN_ENUM_CONVERSION = YES;
				CLANG_WARN_INFINITE_RECURSION = YES;
				CLANG_WARN_INT_CONVERSION = YES;
				CLANG_WARN_NON_LITERAL_NULL_CONVERSION = YES;
				CLANG_WARN_OBJC_IMPLICIT_RETAIN_SELF = YES;
				CLANG_WARN_OBJC_LITERAL_CONVERSION = YES;
				CLANG_WARN_OBJC_ROOT_CLASS = YES_ERROR;
				CLANG_WARN_QUOTED_INCLUDE_IN_FRAMEWORK_HEADER = YES;
				CLANG_WARN_RANGE_LOOP_ANALYSIS = YES;
				CLANG_WARN_STRICT_PROTOTYPES = YES;
				CLANG_WARN_SUSPICIOUS_MOVE = YES;
				CLANG_WARN_UNGUARDED_AVAILABILITY = YES_AGGRESSIVE;
				CLANG_WARN_UNREACHABLE_CODE = YES;
				CLANG_WARN__DUPLICATE_METHOD_MATCH = YES;
				COPY_PHASE_STRIP = NO;
				DEBUG_INFORMATION_FORMAT = "dwarf-with-dsym";
				ENABLE_NS_ASSERTIONS = NO;
				ENABLE_STRICT_OBJC_MSGSEND = YES;
				ENABLE_USER_SCRIPT_SANDBOXING = YES;
				GCC_C_LANGUAGE_STANDARD = gnu17;
				GCC_NO_COMMON_BLOCKS = YES;
				GCC_WARN_64_TO_32_BIT_CONVERSION = YES;
				GCC_WARN_ABOUT_RETURN_TYPE = YES_ERROR;
				GCC_WARN_UNDECLARED_SELECTOR = YES;
				GCC_WARN_UNINITIALIZED_AUTOS = YES_AGGRESSIVE;
				GCC_WARN_UNUSED_FUNCTION = YES;
				GCC_WARN_UNUSED_VARIABLE = YES;
				IPHONEOS_DEPLOYMENT_TARGET = 17.0;
				LOCALIZATION_PREFERS_STRING_CATALOGS = YES;
				MTL_ENABLE_DEBUG_INFO = NO;
				MTL_FAST_MATH = YES;
				SDKROOT = iphoneos;
				SWIFT_COMPILATION_MODE = wholemodule;
				VALIDATE_PRODUCT = YES;
			};
			name = Release;
		};
		9951AFFE2B64EE2200C6CCAE /* Debug */ = {
			isa = XCBuildConfiguration;
			buildSettings = {
				ASSETCATALOG_COMPILER_APPICON_NAME = AppIcon;
				ASSETCATALOG_COMPILER_GLOBAL_ACCENT_COLOR_NAME = AccentColor;
				CODE_SIGN_STYLE = Automatic;
				CURRENT_PROJECT_VERSION = 1;
				DEVELOPMENT_ASSET_PATHS = "\"TopTen/Preview Content\"";
				DEVELOPMENT_TEAM = 52LU863YVH;
				ENABLE_PREVIEWS = YES;
				GENERATE_INFOPLIST_FILE = YES;
				INFOPLIST_FILE = TopTen/Info.plist;
				INFOPLIST_KEY_UIApplicationSceneManifest_Generation = YES;
				INFOPLIST_KEY_UIApplicationSupportsIndirectInputEvents = YES;
				INFOPLIST_KEY_UILaunchScreen_Generation = YES;
				INFOPLIST_KEY_UISupportedInterfaceOrientations_iPad = "UIInterfaceOrientationPortrait UIInterfaceOrientationPortraitUpsideDown UIInterfaceOrientationLandscapeLeft UIInterfaceOrientationLandscapeRight";
				INFOPLIST_KEY_UISupportedInterfaceOrientations_iPhone = "UIInterfaceOrientationPortrait UIInterfaceOrientationLandscapeLeft UIInterfaceOrientationLandscapeRight";
				LD_RUNPATH_SEARCH_PATHS = (
					"$(inherited)",
					"@executable_path/Frameworks",
				);
				MARKETING_VERSION = 1.0;
				PRODUCT_BUNDLE_IDENTIFIER = com.takutoono.TopTen;
				PRODUCT_NAME = "$(TARGET_NAME)";
				SWIFT_EMIT_LOC_STRINGS = YES;
				SWIFT_VERSION = 5.0;
				TARGETED_DEVICE_FAMILY = "1,2";
			};
			name = Debug;
		};
		9951AFFF2B64EE2200C6CCAE /* Release */ = {
			isa = XCBuildConfiguration;
			buildSettings = {
				ASSETCATALOG_COMPILER_APPICON_NAME = AppIcon;
				ASSETCATALOG_COMPILER_GLOBAL_ACCENT_COLOR_NAME = AccentColor;
				CODE_SIGN_STYLE = Automatic;
				CURRENT_PROJECT_VERSION = 1;
				DEVELOPMENT_ASSET_PATHS = "\"TopTen/Preview Content\"";
				DEVELOPMENT_TEAM = 52LU863YVH;
				ENABLE_PREVIEWS = YES;
				GENERATE_INFOPLIST_FILE = YES;
				INFOPLIST_FILE = TopTen/Info.plist;
				INFOPLIST_KEY_UIApplicationSceneManifest_Generation = YES;
				INFOPLIST_KEY_UIApplicationSupportsIndirectInputEvents = YES;
				INFOPLIST_KEY_UILaunchScreen_Generation = YES;
				INFOPLIST_KEY_UISupportedInterfaceOrientations_iPad = "UIInterfaceOrientationPortrait UIInterfaceOrientationPortraitUpsideDown UIInterfaceOrientationLandscapeLeft UIInterfaceOrientationLandscapeRight";
				INFOPLIST_KEY_UISupportedInterfaceOrientations_iPhone = "UIInterfaceOrientationPortrait UIInterfaceOrientationLandscapeLeft UIInterfaceOrientationLandscapeRight";
				LD_RUNPATH_SEARCH_PATHS = (
					"$(inherited)",
					"@executable_path/Frameworks",
				);
				MARKETING_VERSION = 1.0;
				PRODUCT_BUNDLE_IDENTIFIER = com.takutoono.TopTen;
				PRODUCT_NAME = "$(TARGET_NAME)";
				SWIFT_EMIT_LOC_STRINGS = YES;
				SWIFT_VERSION = 5.0;
				TARGETED_DEVICE_FAMILY = "1,2";
			};
			name = Release;
		};
		9951B0012B64EE2200C6CCAE /* Debug */ = {
			isa = XCBuildConfiguration;
			buildSettings = {
				ALWAYS_EMBED_SWIFT_STANDARD_LIBRARIES = YES;
				BUNDLE_LOADER = "$(TEST_HOST)";
				CODE_SIGN_STYLE = Automatic;
				CURRENT_PROJECT_VERSION = 1;
				GENERATE_INFOPLIST_FILE = YES;
				IPHONEOS_DEPLOYMENT_TARGET = 17.0;
				MARKETING_VERSION = 1.0;
				PRODUCT_BUNDLE_IDENTIFIER = com.takutoono.TopTenTests;
				PRODUCT_NAME = "$(TARGET_NAME)";
				SWIFT_EMIT_LOC_STRINGS = NO;
				SWIFT_VERSION = 5.0;
				TARGETED_DEVICE_FAMILY = "1,2";
				TEST_HOST = "$(BUILT_PRODUCTS_DIR)/TopTen.app/$(BUNDLE_EXECUTABLE_FOLDER_PATH)/TopTen";
			};
			name = Debug;
		};
		9951B0022B64EE2200C6CCAE /* Release */ = {
			isa = XCBuildConfiguration;
			buildSettings = {
				ALWAYS_EMBED_SWIFT_STANDARD_LIBRARIES = YES;
				BUNDLE_LOADER = "$(TEST_HOST)";
				CODE_SIGN_STYLE = Automatic;
				CURRENT_PROJECT_VERSION = 1;
				GENERATE_INFOPLIST_FILE = YES;
				IPHONEOS_DEPLOYMENT_TARGET = 17.0;
				MARKETING_VERSION = 1.0;
				PRODUCT_BUNDLE_IDENTIFIER = com.takutoono.TopTenTests;
				PRODUCT_NAME = "$(TARGET_NAME)";
				SWIFT_EMIT_LOC_STRINGS = NO;
				SWIFT_VERSION = 5.0;
				TARGETED_DEVICE_FAMILY = "1,2";
				TEST_HOST = "$(BUILT_PRODUCTS_DIR)/TopTen.app/$(BUNDLE_EXECUTABLE_FOLDER_PATH)/TopTen";
			};
			name = Release;
		};
		9951B0042B64EE2200C6CCAE /* Debug */ = {
			isa = XCBuildConfiguration;
			buildSettings = {
				ALWAYS_EMBED_SWIFT_STANDARD_LIBRARIES = YES;
				CODE_SIGN_STYLE = Automatic;
				CURRENT_PROJECT_VERSION = 1;
				GENERATE_INFOPLIST_FILE = YES;
				MARKETING_VERSION = 1.0;
				PRODUCT_BUNDLE_IDENTIFIER = com.takutoono.TopTenUITests;
				PRODUCT_NAME = "$(TARGET_NAME)";
				SWIFT_EMIT_LOC_STRINGS = NO;
				SWIFT_VERSION = 5.0;
				TARGETED_DEVICE_FAMILY = "1,2";
				TEST_TARGET_NAME = TopTen;
			};
			name = Debug;
		};
		9951B0052B64EE2200C6CCAE /* Release */ = {
			isa = XCBuildConfiguration;
			buildSettings = {
				ALWAYS_EMBED_SWIFT_STANDARD_LIBRARIES = YES;
				CODE_SIGN_STYLE = Automatic;
				CURRENT_PROJECT_VERSION = 1;
				GENERATE_INFOPLIST_FILE = YES;
				MARKETING_VERSION = 1.0;
				PRODUCT_BUNDLE_IDENTIFIER = com.takutoono.TopTenUITests;
				PRODUCT_NAME = "$(TARGET_NAME)";
				SWIFT_EMIT_LOC_STRINGS = NO;
				SWIFT_VERSION = 5.0;
				TARGETED_DEVICE_FAMILY = "1,2";
				TEST_TARGET_NAME = TopTen;
			};
			name = Release;
		};
/* End XCBuildConfiguration section */

/* Begin XCConfigurationList section */
		9951AFD42B64EE2000C6CCAE /* Build configuration list for PBXProject "TopTen" */ = {
			isa = XCConfigurationList;
			buildConfigurations = (
				9951AFFB2B64EE2200C6CCAE /* Debug */,
				9951AFFC2B64EE2200C6CCAE /* Release */,
			);
			defaultConfigurationIsVisible = 0;
			defaultConfigurationName = Release;
		};
		9951AFFD2B64EE2200C6CCAE /* Build configuration list for PBXNativeTarget "TopTen" */ = {
			isa = XCConfigurationList;
			buildConfigurations = (
				9951AFFE2B64EE2200C6CCAE /* Debug */,
				9951AFFF2B64EE2200C6CCAE /* Release */,
			);
			defaultConfigurationIsVisible = 0;
			defaultConfigurationName = Release;
		};
		9951B0002B64EE2200C6CCAE /* Build configuration list for PBXNativeTarget "TopTenTests" */ = {
			isa = XCConfigurationList;
			buildConfigurations = (
				9951B0012B64EE2200C6CCAE /* Debug */,
				9951B0022B64EE2200C6CCAE /* Release */,
			);
			defaultConfigurationIsVisible = 0;
			defaultConfigurationName = Release;
		};
		9951B0032B64EE2200C6CCAE /* Build configuration list for PBXNativeTarget "TopTenUITests" */ = {
			isa = XCConfigurationList;
			buildConfigurations = (
				9951B0042B64EE2200C6CCAE /* Debug */,
				9951B0052B64EE2200C6CCAE /* Release */,
			);
			defaultConfigurationIsVisible = 0;
			defaultConfigurationName = Release;
		};
/* End XCConfigurationList section */

/* Begin XCRemoteSwiftPackageReference section */
		9956C9192B8FA68000C08ABF /* XCRemoteSwiftPackageReference "fmdb" */ = {
			isa = XCRemoteSwiftPackageReference;
			repositoryURL = "https://github.com/ccgus/fmdb";
			requirement = {
				kind = upToNextMajorVersion;
				minimumVersion = 2.7.9;
			};
		};
/* End XCRemoteSwiftPackageReference section */

/* Begin XCSwiftPackageProductDependency section */
		9956C91A2B8FA68000C08ABF /* FMDB */ = {
			isa = XCSwiftPackageProductDependency;
			package = 9956C9192B8FA68000C08ABF /* XCRemoteSwiftPackageReference "fmdb" */;
			productName = FMDB;
		};
/* End XCSwiftPackageProductDependency section */
	};
	rootObject = 9951AFD12B64EE2000C6CCAE /* Project object */;
}
